Microsoft Visual Studio Solution File, Format Version 12.00
# Visual Studio Version 17
VisualStudioVersion = 17.5.2.0
MinimumVisualStudioVersion = 10.0.40219.1
Project("{FAE04EC0-301F-11D3-BF4B-00C04F79EFBC}") = "SoundBoardSite", "SoundBoardSite\SoundBoardSite.csproj", "{EBE2A81F-4D54-04DA-5403-0CD3BAD0DFE7}"
EndProject
Global
	GlobalSection(SolutionConfigurationPlatforms) = preSolution
		Debug|Any CPU = Debug|Any CPU
		Release|Any CPU = Release|Any CPU
	EndGlobalSection
	GlobalSection(ProjectConfigurationPlatforms) = postSolution
		{EBE2A81F-4D54-04DA-5403-0CD3BAD0DFE7}.Debug|Any CPU.ActiveCfg = Debug|Any CPU
		{EBE2A81F-4D54-04DA-5403-0CD3BAD0DFE7}.Debug|Any CPU.Build.0 = Debug|Any CPU
		{EBE2A81F-4D54-04DA-5403-0CD3BAD0DFE7}.Release|Any CPU.ActiveCfg = Release|Any CPU
		{EBE2A81F-4D54-04DA-5403-0CD3BAD0DFE7}.Release|Any CPU.Build.0 = Release|Any CPU
	EndGlobalSection
	GlobalSection(SolutionProperties) = preSolution
		HideSolutionNode = FALSE
	EndGlobalSection
	GlobalSection(ExtensibilityGlobals) = postSolution
		SolutionGuid = {CF83B8E2-C181-437B-974E-51546478E942}
	EndGlobalSection
EndGlobal
